
Microsoft Visual Studio Solution File, Format Version 12.00
# Visual Studio Version 17
VisualStudioVersion = 17.0.32112.339
MinimumVisualStudioVersion = 10.0.40219.1
Project("{9A19103F-16F7-4668-BE54-9A1E7A4F7556}") = "ReactLearningWebApi", "ReactLearningWebApi\ReactLearningWebApi.csproj", "{6F7B9CEB-95D5-4A07-B45B-D3DAA3DCA6AB}"
EndProject
Project("{9A19103F-16F7-4668-BE54-9A1E7A4F7556}") = "ReactLearningWebApi.Tests", "ReactLearningWebApi.Tests\ReactLearningWebApi.Tests.csproj", "{F6E7B49C-6596-4541-8EAD-42331A42B2AC}"
EndProject
Project("{9A19103F-16F7-4668-BE54-9A1E7A4F7556}") = "ReactLearningWebApi.Domain", "ReactLearningWebApi.Domain\ReactLearningWebApi.Domain.csproj", "{A64C9252-1377-44EF-BAF4-9E2D9AEEA686}"
EndProject
Project("{9A19103F-16F7-4668-BE54-9A1E7A4F7556}") = "ReactLearningWebApi.Repositories", "ReactLearningWebApi.Repositories\ReactLearningWebApi.Repositories.csproj", "{CC74FCF6-AF0E-4E46-9CB4-CD839BAE735D}"
EndProject
Project("{9A19103F-16F7-4668-BE54-9A1E7A4F7556}") = "ReactLearningWebApi.Core", "ReactLearningWebApi.Core\ReactLearningWebApi.Core.csproj", "{BD33A52E-ED98-412C-A9AC-21262178A6E1}"
EndProject
Project("{54A90642-561A-4BB1-A94E-469ADEE60C69}") = "ReactLearningFrontEnd", "ReactLearningFrontEnd\ReactLearningFrontEnd.esproj", "{29B239AD-E89F-4709-A086-E71EC32476D2}"
EndProject
Global
	GlobalSection(SolutionConfigurationPlatforms) = preSolution
		Debug|Any CPU = Debug|Any CPU
		Release|Any CPU = Release|Any CPU
	EndGlobalSection
	GlobalSection(ProjectConfigurationPlatforms) = postSolution
		{6F7B9CEB-95D5-4A07-B45B-D3DAA3DCA6AB}.Debug|Any CPU.ActiveCfg = Debug|Any CPU
		{6F7B9CEB-95D5-4A07-B45B-D3DAA3DCA6AB}.Debug|Any CPU.Build.0 = Debug|Any CPU
		{6F7B9CEB-95D5-4A07-B45B-D3DAA3DCA6AB}.Release|Any CPU.ActiveCfg = Release|Any CPU
		{6F7B9CEB-95D5-4A07-B45B-D3DAA3DCA6AB}.Release|Any CPU.Build.0 = Release|Any CPU
		{F6E7B49C-6596-4541-8EAD-42331A42B2AC}.Debug|Any CPU.ActiveCfg = Debug|Any CPU
		{F6E7B49C-6596-4541-8EAD-42331A42B2AC}.Debug|Any CPU.Build.0 = Debug|Any CPU
		{F6E7B49C-6596-4541-8EAD-42331A42B2AC}.Release|Any CPU.ActiveCfg = Release|Any CPU
		{F6E7B49C-6596-4541-8EAD-42331A42B2AC}.Release|Any CPU.Build.0 = Release|Any CPU
		{A64C9252-1377-44EF-BAF4-9E2D9AEEA686}.Debug|Any CPU.ActiveCfg = Debug|Any CPU
		{A64C9252-1377-44EF-BAF4-9E2D9AEEA686}.Debug|Any CPU.Build.0 = Debug|Any CPU
		{A64C9252-1377-44EF-BAF4-9E2D9AEEA686}.Release|Any CPU.ActiveCfg = Release|Any CPU
		{A64C9252-1377-44EF-BAF4-9E2D9AEEA686}.Release|Any CPU.Build.0 = Release|Any CPU
		{CC74FCF6-AF0E-4E46-9CB4-CD839BAE735D}.Debug|Any CPU.ActiveCfg = Debug|Any CPU
		{CC74FCF6-AF0E-4E46-9CB4-CD839BAE735D}.Debug|Any CPU.Build.0 = Debug|Any CPU
		{CC74FCF6-AF0E-4E46-9CB4-CD839BAE735D}.Release|Any CPU.ActiveCfg = Release|Any CPU
		{CC74FCF6-AF0E-4E46-9CB4-CD839BAE735D}.Release|Any CPU.Build.0 = Release|Any CPU
		{BD33A52E-ED98-412C-A9AC-21262178A6E1}.Debug|Any CPU.ActiveCfg = Debug|Any CPU
		{BD33A52E-ED98-412C-A9AC-21262178A6E1}.Debug|Any CPU.Build.0 = Debug|Any CPU
		{BD33A52E-ED98-412C-A9AC-21262178A6E1}.Release|Any CPU.ActiveCfg = Release|Any CPU
		{BD33A52E-ED98-412C-A9AC-21262178A6E1}.Release|Any CPU.Build.0 = Release|Any CPU
		{29B239AD-E89F-4709-A086-E71EC32476D2}.Debug|Any CPU.ActiveCfg = Debug|Any CPU
		{29B239AD-E89F-4709-A086-E71EC32476D2}.Debug|Any CPU.Build.0 = Debug|Any CPU
		{29B239AD-E89F-4709-A086-E71EC32476D2}.Debug|Any CPU.Deploy.0 = Debug|Any CPU
		{29B239AD-E89F-4709-A086-E71EC32476D2}.Release|Any CPU.ActiveCfg = Release|Any CPU
		{29B239AD-E89F-4709-A086-E71EC32476D2}.Release|Any CPU.Build.0 = Release|Any CPU
		{29B239AD-E89F-4709-A086-E71EC32476D2}.Release|Any CPU.Deploy.0 = Release|Any CPU
	EndGlobalSection
	GlobalSection(SolutionProperties) = preSolution
		HideSolutionNode = FALSE
	EndGlobalSection
	GlobalSection(ExtensibilityGlobals) = postSolution
		SolutionGuid = {E6F2BBD0-B1E9-4F6E-9148-572159882391}
	EndGlobalSection
EndGlobal
